
Microsoft Visual Studio Solution File, Format Version 12.00
# Visual Studio Version 17
VisualStudioVersion = 17.10.35027.167
MinimumVisualStudioVersion = 10.0.40219.1
Project("{9A19103F-16F7-4668-BE54-9A1E7A4F7556}") = "AvionEngine", "AvionEngine\AvionEngine.csproj", "{8217437D-ABCB-423E-A82D-F38FBE98BDFC}"
EndProject
Project("{9A19103F-16F7-4668-BE54-9A1E7A4F7556}") = "AvionEngine.OpenGL", "AvionEngine.OpenGL\AvionEngine.OpenGL.csproj", "{F2B971B1-0591-4A1B-A779-98C394D47F9B}"
EndProject
Project("{9A19103F-16F7-4668-BE54-9A1E7A4F7556}") = "AvionEngine.D3D12", "AvionEngine.D3D12\AvionEngine.D3D12.csproj", "{F403FDE2-D53D-40EC-BFC5-069C309C27B9}"
EndProject
Global
	GlobalSection(SolutionConfigurationPlatforms) = preSolution
		Debug|Any CPU = Debug|Any CPU
		Release|Any CPU = Release|Any CPU
	EndGlobalSection
	GlobalSection(ProjectConfigurationPlatforms) = postSolution
		{8217437D-ABCB-423E-A82D-F38FBE98BDFC}.Debug|Any CPU.ActiveCfg = Debug|Any CPU
		{8217437D-ABCB-423E-A82D-F38FBE98BDFC}.Debug|Any CPU.Build.0 = Debug|Any CPU
		{8217437D-ABCB-423E-A82D-F38FBE98BDFC}.Release|Any CPU.ActiveCfg = Release|Any CPU
		{8217437D-ABCB-423E-A82D-F38FBE98BDFC}.Release|Any CPU.Build.0 = Release|Any CPU
		{F2B971B1-0591-4A1B-A779-98C394D47F9B}.Debug|Any CPU.ActiveCfg = Debug|Any CPU
		{F2B971B1-0591-4A1B-A779-98C394D47F9B}.Debug|Any CPU.Build.0 = Debug|Any CPU
		{F2B971B1-0591-4A1B-A779-98C394D47F9B}.Release|Any CPU.ActiveCfg = Release|Any CPU
		{F2B971B1-0591-4A1B-A779-98C394D47F9B}.Release|Any CPU.Build.0 = Release|Any CPU
		{F403FDE2-D53D-40EC-BFC5-069C309C27B9}.Debug|Any CPU.ActiveCfg = Debug|Any CPU
		{F403FDE2-D53D-40EC-BFC5-069C309C27B9}.Debug|Any CPU.Build.0 = Debug|Any CPU
		{F403FDE2-D53D-40EC-BFC5-069C309C27B9}.Release|Any CPU.ActiveCfg = Release|Any CPU
		{F403FDE2-D53D-40EC-BFC5-069C309C27B9}.Release|Any CPU.Build.0 = Release|Any CPU
	EndGlobalSection
	GlobalSection(SolutionProperties) = preSolution
		HideSolutionNode = FALSE
	EndGlobalSection
	GlobalSection(ExtensibilityGlobals) = postSolution
		SolutionGuid = {DB03A432-0497-4398-BFFC-928B00F00B03}
	EndGlobalSection
EndGlobal
